
Microsoft Visual Studio Solution File, Format Version 12.00
# Visual Studio Version 17
VisualStudioVersion = 17.6.33829.357
MinimumVisualStudioVersion = 10.0.40219.1
Project("{FAE04EC0-301F-11D3-BF4B-00C04F79EFBC}") = "ProjectoFinalJohnny", "ProjectoFinalJohnny\ProjectoFinalJohnny.csproj", "{FE76C362-DB44-418B-A089-B62AE712C4DF}"
EndProject
Global
	GlobalSection(SolutionConfigurationPlatforms) = preSolution
		Debug|Any CPU = Debug|Any CPU
		Release|Any CPU = Release|Any CPU
	EndGlobalSection
	GlobalSection(ProjectConfigurationPlatforms) = postSolution
		{FE76C362-DB44-418B-A089-B62AE712C4DF}.Debug|Any CPU.ActiveCfg = Debug|Any CPU
		{FE76C362-DB44-418B-A089-B62AE712C4DF}.Debug|Any CPU.Build.0 = Debug|Any CPU
		{FE76C362-DB44-418B-A089-B62AE712C4DF}.Release|Any CPU.ActiveCfg = Release|Any CPU
		{FE76C362-DB44-418B-A089-B62AE712C4DF}.Release|Any CPU.Build.0 = Release|Any CPU
	EndGlobalSection
	GlobalSection(SolutionProperties) = preSolution
		HideSolutionNode = FALSE
	EndGlobalSection
	GlobalSection(ExtensibilityGlobals) = postSolution
		SolutionGuid = {A03003A2-5391-45F4-AA29-A5485698C4C9}
	EndGlobalSection
EndGlobal
